// !$*UTF8*$!
{
	archiveVersion = 1;
	classes = {
	};
	objectVersion = 46;
	objects = {

/* Begin PBXBuildFile section */
		397330E6D8FB815CE9ED85D7 /* libPods-BAISIBUDEJIE.a in Frameworks */ = {isa = PBXBuildFile; fileRef = 03B223212E25BD471D73CDFD /* libPods-BAISIBUDEJIE.a */; };
		700FC77D1DC19063009CD99C /* BSBDJNavgationViewController.m in Sources */ = {isa = PBXBuildFile; fileRef = 700FC77C1DC19063009CD99C /* BSBDJNavgationViewController.m */; };
		700FC7831DC1AC03009CD99C /* BSBDJFriendTrendsViewController.xib in Resources */ = {isa = PBXBuildFile; fileRef = 700FC7821DC1AC03009CD99C /* BSBDJFriendTrendsViewController.xib */; };
		700FC7871DC1E6FA009CD99C /* BSBDJRecommendViewController.m in Sources */ = {isa = PBXBuildFile; fileRef = 700FC7851DC1E6FA009CD99C /* BSBDJRecommendViewController.m */; };
		700FC7881DC1E6FA009CD99C /* BSBDJRecommendViewController.xib in Resources */ = {isa = PBXBuildFile; fileRef = 700FC7861DC1E6FA009CD99C /* BSBDJRecommendViewController.xib */; };
		700FC78A1DC1EAA2009CD99C /* Foundation+Log.m in Sources */ = {isa = PBXBuildFile; fileRef = 700FC7891DC1EAA2009CD99C /* Foundation+Log.m */; };
		700FC78D1DC1EF24009CD99C /* BSBDJRecommendCategory.m in Sources */ = {isa = PBXBuildFile; fileRef = 700FC78C1DC1EF24009CD99C /* BSBDJRecommendCategory.m */; };
		700FC7911DC1F2F0009CD99C /* BSBDJRecommendCategoryCell.m in Sources */ = {isa = PBXBuildFile; fileRef = 700FC78F1DC1F2F0009CD99C /* BSBDJRecommendCategoryCell.m */; };
		700FC7921DC1F2F0009CD99C /* BSBDJRecommendCategoryCell.xib in Resources */ = {isa = PBXBuildFile; fileRef = 700FC7901DC1F2F0009CD99C /* BSBDJRecommendCategoryCell.xib */; };
		700FC7961DC20991009CD99C /* BSBDJRecommendUserCell.m in Sources */ = {isa = PBXBuildFile; fileRef = 700FC7941DC20991009CD99C /* BSBDJRecommendUserCell.m */; };
		700FC7971DC20991009CD99C /* BSBDJRecommendUserCell.xib in Resources */ = {isa = PBXBuildFile; fileRef = 700FC7951DC20991009CD99C /* BSBDJRecommendUserCell.xib */; };
		700FC79A1DC20CEF009CD99C /* BSBDJRecommendUser.m in Sources */ = {isa = PBXBuildFile; fileRef = 700FC7991DC20CEF009CD99C /* BSBDJRecommendUser.m */; };
		7052E0FA1D751EB000E6C866 /* Assets.xcassets in Resources */ = {isa = PBXBuildFile; fileRef = 7052E0F91D751EB000E6C866 /* Assets.xcassets */; };
		7052E1081D751EB000E6C866 /* BAISIBUDEJIETests.m in Sources */ = {isa = PBXBuildFile; fileRef = 7052E1071D751EB000E6C866 /* BAISIBUDEJIETests.m */; };
		7052E1131D751EB000E6C866 /* BAISIBUDEJIEUITests.m in Sources */ = {isa = PBXBuildFile; fileRef = 7052E1121D751EB000E6C866 /* BAISIBUDEJIEUITests.m */; };
		70B275681DC0BEBB00DF9D29 /* BSBDJEssenceViewController.m in Sources */ = {isa = PBXBuildFile; fileRef = 70B275431DC0BEBB00DF9D29 /* BSBDJEssenceViewController.m */; };
		70B275691DC0BEBB00DF9D29 /* BSBDJFriendTrendsViewController.m in Sources */ = {isa = PBXBuildFile; fileRef = 70B275491DC0BEBB00DF9D29 /* BSBDJFriendTrendsViewController.m */; };
		70B2756A1DC0BEBB00DF9D29 /* BSBDJMeViewController.m in Sources */ = {isa = PBXBuildFile; fileRef = 70B2754F1DC0BEBB00DF9D29 /* BSBDJMeViewController.m */; };
		70B2756B1DC0BEBB00DF9D29 /* BSBDJNewViewController.m in Sources */ = {isa = PBXBuildFile; fileRef = 70B275551DC0BEBB00DF9D29 /* BSBDJNewViewController.m */; };
		70B2756C1DC0BEBB00DF9D29 /* AppDelegate.m in Sources */ = {isa = PBXBuildFile; fileRef = 70B2755A1DC0BEBB00DF9D29 /* AppDelegate.m */; };
		70B2756D1DC0BEBB00DF9D29 /* UIBarButtonItem+BSBDJExtension.m in Sources */ = {isa = PBXBuildFile; fileRef = 70B2755D1DC0BEBB00DF9D29 /* UIBarButtonItem+BSBDJExtension.m */; };
		70B2756E1DC0BEBB00DF9D29 /* UIView+BSBDJExtension.m in Sources */ = {isa = PBXBuildFile; fileRef = 70B2755F1DC0BEBB00DF9D29 /* UIView+BSBDJExtension.m */; };
		70B2756F1DC0BEBB00DF9D29 /* BSBDJTabBarController.m in Sources */ = {isa = PBXBuildFile; fileRef = 70B275621DC0BEBB00DF9D29 /* BSBDJTabBarController.m */; };
		70B275701DC0BEBB00DF9D29 /* main.m in Sources */ = {isa = PBXBuildFile; fileRef = 70B275631DC0BEBB00DF9D29 /* main.m */; };
		70B275711DC0BEBB00DF9D29 /* BSBDJTabBar.m in Sources */ = {isa = PBXBuildFile; fileRef = 70B275671DC0BEBB00DF9D29 /* BSBDJTabBar.m */; };
/* End PBXBuildFile section */

/* Begin PBXContainerItemProxy section */
		7052E1041D751EB000E6C866 /* PBXContainerItemProxy */ = {
			isa = PBXContainerItemProxy;
			containerPortal = 7052E0E21D751EB000E6C866 /* Project object */;
			proxyType = 1;
			remoteGlobalIDString = 7052E0E91D751EB000E6C866;
			remoteInfo = BAISIBUDEJIE;
		};
		7052E10F1D751EB000E6C866 /* PBXContainerItemProxy */ = {
			isa = PBXContainerItemProxy;
			containerPortal = 7052E0E21D751EB000E6C866 /* Project object */;
			proxyType = 1;
			remoteGlobalIDString = 7052E0E91D751EB000E6C866;
			remoteInfo = BAISIBUDEJIE;
		};
/* End PBXContainerItemProxy section */

/* Begin PBXFileReference section */
		03B223212E25BD471D73CDFD /* libPods-BAISIBUDEJIE.a */ = {isa = PBXFileReference; explicitFileType = archive.ar; includeInIndex = 0; path = "libPods-BAISIBUDEJIE.a"; sourceTree = BUILT_PRODUCTS_DIR; };
		03CA0BA1544D58F2725CAB22 /* Pods-BAISIBUDEJIE.debug.xcconfig */ = {isa = PBXFileReference; includeInIndex = 1; lastKnownFileType = text.xcconfig; name = "Pods-BAISIBUDEJIE.debug.xcconfig"; path = "Pods/Target Support Files/Pods-BAISIBUDEJIE/Pods-BAISIBUDEJIE.debug.xcconfig"; sourceTree = "<group>"; };
		0C93C675C60D8A3989CB12DF /* Pods-BAISIBUDEJIE.release.xcconfig */ = {isa = PBXFileReference; includeInIndex = 1; lastKnownFileType = text.xcconfig; name = "Pods-BAISIBUDEJIE.release.xcconfig"; path = "Pods/Target Support Files/Pods-BAISIBUDEJIE/Pods-BAISIBUDEJIE.release.xcconfig"; sourceTree = "<group>"; };
		700FC77B1DC19063009CD99C /* BSBDJNavgationViewController.h */ = {isa = PBXFileReference; fileEncoding = 4; lastKnownFileType = sourcecode.c.h; path = BSBDJNavgationViewController.h; sourceTree = "<group>"; };
		700FC77C1DC19063009CD99C /* BSBDJNavgationViewController.m */ = {isa = PBXFileReference; fileEncoding = 4; lastKnownFileType = sourcecode.c.objc; path = BSBDJNavgationViewController.m; sourceTree = "<group>"; };
		700FC7821DC1AC03009CD99C /* BSBDJFriendTrendsViewController.xib */ = {isa = PBXFileReference; fileEncoding = 4; lastKnownFileType = file.xib; path = BSBDJFriendTrendsViewController.xib; sourceTree = "<group>"; };
		700FC7841DC1E6FA009CD99C /* BSBDJRecommendViewController.h */ = {isa = PBXFileReference; fileEncoding = 4; lastKnownFileType = sourcecode.c.h; path = BSBDJRecommendViewController.h; sourceTree = "<group>"; };
		700FC7851DC1E6FA009CD99C /* BSBDJRecommendViewController.m */ = {isa = PBXFileReference; fileEncoding = 4; lastKnownFileType = sourcecode.c.objc; path = BSBDJRecommendViewController.m; sourceTree = "<group>"; };
		700FC7861DC1E6FA009CD99C /* BSBDJRecommendViewController.xib */ = {isa = PBXFileReference; fileEncoding = 4; lastKnownFileType = file.xib; path = BSBDJRecommendViewController.xib; sourceTree = "<group>"; };
		700FC7891DC1EAA2009CD99C /* Foundation+Log.m */ = {isa = PBXFileReference; fileEncoding = 4; lastKnownFileType = sourcecode.c.objc; path = "Foundation+Log.m"; sourceTree = "<group>"; };
		700FC78B1DC1EF24009CD99C /* BSBDJRecommendCategory.h */ = {isa = PBXFileReference; fileEncoding = 4; lastKnownFileType = sourcecode.c.h; path = BSBDJRecommendCategory.h; sourceTree = "<group>"; };
		700FC78C1DC1EF24009CD99C /* BSBDJRecommendCategory.m */ = {isa = PBXFileReference; fileEncoding = 4; lastKnownFileType = sourcecode.c.objc; path = BSBDJRecommendCategory.m; sourceTree = "<group>"; };
		700FC78E1DC1F2F0009CD99C /* BSBDJRecommendCategoryCell.h */ = {isa = PBXFileReference; fileEncoding = 4; lastKnownFileType = sourcecode.c.h; path = BSBDJRecommendCategoryCell.h; sourceTree = "<group>"; };
		700FC78F1DC1F2F0009CD99C /* BSBDJRecommendCategoryCell.m */ = {isa = PBXFileReference; fileEncoding = 4; lastKnownFileType = sourcecode.c.objc; path = BSBDJRecommendCategoryCell.m; sourceTree = "<group>"; };
		700FC7901DC1F2F0009CD99C /* BSBDJRecommendCategoryCell.xib */ = {isa = PBXFileReference; fileEncoding = 4; lastKnownFileType = file.xib; path = BSBDJRecommendCategoryCell.xib; sourceTree = "<group>"; };
		700FC7931DC20991009CD99C /* BSBDJRecommendUserCell.h */ = {isa = PBXFileReference; fileEncoding = 4; lastKnownFileType = sourcecode.c.h; path = BSBDJRecommendUserCell.h; sourceTree = "<group>"; };
		700FC7941DC20991009CD99C /* BSBDJRecommendUserCell.m */ = {isa = PBXFileReference; fileEncoding = 4; lastKnownFileType = sourcecode.c.objc; path = BSBDJRecommendUserCell.m; sourceTree = "<group>"; };
		700FC7951DC20991009CD99C /* BSBDJRecommendUserCell.xib */ = {isa = PBXFileReference; fileEncoding = 4; lastKnownFileType = file.xib; path = BSBDJRecommendUserCell.xib; sourceTree = "<group>"; };
		700FC7981DC20CEF009CD99C /* BSBDJRecommendUser.h */ = {isa = PBXFileReference; fileEncoding = 4; lastKnownFileType = sourcecode.c.h; path = BSBDJRecommendUser.h; sourceTree = "<group>"; };
		700FC7991DC20CEF009CD99C /* BSBDJRecommendUser.m */ = {isa = PBXFileReference; fileEncoding = 4; lastKnownFileType = sourcecode.c.objc; path = BSBDJRecommendUser.m; sourceTree = "<group>"; };
		7052E0EA1D751EB000E6C866 /* BAISIBUDEJIE.app */ = {isa = PBXFileReference; explicitFileType = wrapper.application; includeInIndex = 0; path = BAISIBUDEJIE.app; sourceTree = BUILT_PRODUCTS_DIR; };
		7052E0F91D751EB000E6C866 /* Assets.xcassets */ = {isa = PBXFileReference; lastKnownFileType = folder.assetcatalog; path = Assets.xcassets; sourceTree = "<group>"; };
		7052E0FE1D751EB000E6C866 /* Info.plist */ = {isa = PBXFileReference; lastKnownFileType = text.plist.xml; path = Info.plist; sourceTree = "<group>"; };
		7052E1031D751EB000E6C866 /* BAISIBUDEJIETests.xctest */ = {isa = PBXFileReference; explicitFileType = wrapper.cfbundle; includeInIndex = 0; path = BAISIBUDEJIETests.xctest; sourceTree = BUILT_PRODUCTS_DIR; };
		7052E1071D751EB000E6C866 /* BAISIBUDEJIETests.m */ = {isa = PBXFileReference; lastKnownFileType = sourcecode.c.objc; path = BAISIBUDEJIETests.m; sourceTree = "<group>"; };
		7052E1091D751EB000E6C866 /* Info.plist */ = {isa = PBXFileReference; lastKnownFileType = text.plist.xml; path = Info.plist; sourceTree = "<group>"; };
		7052E10E1D751EB000E6C866 /* BAISIBUDEJIEUITests.xctest */ = {isa = PBXFileReference; explicitFileType = wrapper.cfbundle; includeInIndex = 0; path = BAISIBUDEJIEUITests.xctest; sourceTree = BUILT_PRODUCTS_DIR; };
		7052E1121D751EB000E6C866 /* BAISIBUDEJIEUITests.m */ = {isa = PBXFileReference; lastKnownFileType = sourcecode.c.objc; path = BAISIBUDEJIEUITests.m; sourceTree = "<group>"; };
		7052E1141D751EB000E6C866 /* Info.plist */ = {isa = PBXFileReference; lastKnownFileType = text.plist.xml; path = Info.plist; sourceTree = "<group>"; };
		70B275421DC0BEBB00DF9D29 /* BSBDJEssenceViewController.h */ = {isa = PBXFileReference; fileEncoding = 4; lastKnownFileType = sourcecode.c.h; path = BSBDJEssenceViewController.h; sourceTree = "<group>"; };
		70B275431DC0BEBB00DF9D29 /* BSBDJEssenceViewController.m */ = {isa = PBXFileReference; fileEncoding = 4; lastKnownFileType = sourcecode.c.objc; path = BSBDJEssenceViewController.m; sourceTree = "<group>"; };
		70B275481DC0BEBB00DF9D29 /* BSBDJFriendTrendsViewController.h */ = {isa = PBXFileReference; fileEncoding = 4; lastKnownFileType = sourcecode.c.h; path = BSBDJFriendTrendsViewController.h; sourceTree = "<group>"; };
		70B275491DC0BEBB00DF9D29 /* BSBDJFriendTrendsViewController.m */ = {isa = PBXFileReference; fileEncoding = 4; lastKnownFileType = sourcecode.c.objc; path = BSBDJFriendTrendsViewController.m; sourceTree = "<group>"; };
		70B2754E1DC0BEBB00DF9D29 /* BSBDJMeViewController.h */ = {isa = PBXFileReference; fileEncoding = 4; lastKnownFileType = sourcecode.c.h; path = BSBDJMeViewController.h; sourceTree = "<group>"; };
		70B2754F1DC0BEBB00DF9D29 /* BSBDJMeViewController.m */ = {isa = PBXFileReference; fileEncoding = 4; lastKnownFileType = sourcecode.c.objc; path = BSBDJMeViewController.m; sourceTree = "<group>"; };
		70B275541DC0BEBB00DF9D29 /* BSBDJNewViewController.h */ = {isa = PBXFileReference; fileEncoding = 4; lastKnownFileType = sourcecode.c.h; path = BSBDJNewViewController.h; sourceTree = "<group>"; };
		70B275551DC0BEBB00DF9D29 /* BSBDJNewViewController.m */ = {isa = PBXFileReference; fileEncoding = 4; lastKnownFileType = sourcecode.c.objc; path = BSBDJNewViewController.m; sourceTree = "<group>"; };
		70B275591DC0BEBB00DF9D29 /* AppDelegate.h */ = {isa = PBXFileReference; fileEncoding = 4; lastKnownFileType = sourcecode.c.h; path = AppDelegate.h; sourceTree = "<group>"; };
		70B2755A1DC0BEBB00DF9D29 /* AppDelegate.m */ = {isa = PBXFileReference; fileEncoding = 4; lastKnownFileType = sourcecode.c.objc; path = AppDelegate.m; sourceTree = "<group>"; };
		70B2755C1DC0BEBB00DF9D29 /* UIBarButtonItem+BSBDJExtension.h */ = {isa = PBXFileReference; fileEncoding = 4; lastKnownFileType = sourcecode.c.h; path = "UIBarButtonItem+BSBDJExtension.h"; sourceTree = "<group>"; };
		70B2755D1DC0BEBB00DF9D29 /* UIBarButtonItem+BSBDJExtension.m */ = {isa = PBXFileReference; fileEncoding = 4; lastKnownFileType = sourcecode.c.objc; path = "UIBarButtonItem+BSBDJExtension.m"; sourceTree = "<group>"; };
		70B2755E1DC0BEBB00DF9D29 /* UIView+BSBDJExtension.h */ = {isa = PBXFileReference; fileEncoding = 4; lastKnownFileType = sourcecode.c.h; path = "UIView+BSBDJExtension.h"; sourceTree = "<group>"; };
		70B2755F1DC0BEBB00DF9D29 /* UIView+BSBDJExtension.m */ = {isa = PBXFileReference; fileEncoding = 4; lastKnownFileType = sourcecode.c.objc; path = "UIView+BSBDJExtension.m"; sourceTree = "<group>"; };
		70B275611DC0BEBB00DF9D29 /* BSBDJTabBarController.h */ = {isa = PBXFileReference; fileEncoding = 4; lastKnownFileType = sourcecode.c.h; path = BSBDJTabBarController.h; sourceTree = "<group>"; };
		70B275621DC0BEBB00DF9D29 /* BSBDJTabBarController.m */ = {isa = PBXFileReference; fileEncoding = 4; lastKnownFileType = sourcecode.c.objc; path = BSBDJTabBarController.m; sourceTree = "<group>"; };
		70B275631DC0BEBB00DF9D29 /* main.m */ = {isa = PBXFileReference; fileEncoding = 4; lastKnownFileType = sourcecode.c.objc; path = main.m; sourceTree = "<group>"; };
		70B275641DC0BEBB00DF9D29 /* PrefixHeader.pch */ = {isa = PBXFileReference; fileEncoding = 4; lastKnownFileType = sourcecode.c.h; path = PrefixHeader.pch; sourceTree = "<group>"; };
		70B275661DC0BEBB00DF9D29 /* BSBDJTabBar.h */ = {isa = PBXFileReference; fileEncoding = 4; lastKnownFileType = sourcecode.c.h; path = BSBDJTabBar.h; sourceTree = "<group>"; };
		70B275671DC0BEBB00DF9D29 /* BSBDJTabBar.m */ = {isa = PBXFileReference; fileEncoding = 4; lastKnownFileType = sourcecode.c.objc; path = BSBDJTabBar.m; sourceTree = "<group>"; };
/* End PBXFileReference section */

/* Begin PBXFrameworksBuildPhase section */
		7052E0E71D751EB000E6C866 /* Frameworks */ = {
			isa = PBXFrameworksBuildPhase;
			buildActionMask = 2147483647;
			files = (
				397330E6D8FB815CE9ED85D7 /* libPods-BAISIBUDEJIE.a in Frameworks */,
			);
			runOnlyForDeploymentPostprocessing = 0;
		};
		7052E1001D751EB000E6C866 /* Frameworks */ = {
			isa = PBXFrameworksBuildPhase;
			buildActionMask = 2147483647;
			files = (
			);
			runOnlyForDeploymentPostprocessing = 0;
		};
		7052E10B1D751EB000E6C866 /* Frameworks */ = {
			isa = PBXFrameworksBuildPhase;
			buildActionMask = 2147483647;
			files = (
			);
			runOnlyForDeploymentPostprocessing = 0;
		};
/* End PBXFrameworksBuildPhase section */

/* Begin PBXGroup section */
		7052E0E11D751EB000E6C866 = {
			isa = PBXGroup;
			children = (
				7052E0EC1D751EB000E6C866 /* BAISIBUDEJIE */,
				7052E1061D751EB000E6C866 /* BAISIBUDEJIETests */,
				7052E1111D751EB000E6C866 /* BAISIBUDEJIEUITests */,
				7052E0EB1D751EB000E6C866 /* Products */,
				B5B6EE98AE39963FFA3BE8D3 /* Pods */,
				750F3DEC98E7BD7EAF604EC5 /* Frameworks */,
			);
			sourceTree = "<group>";
		};
		7052E0EB1D751EB000E6C866 /* Products */ = {
			isa = PBXGroup;
			children = (
				7052E0EA1D751EB000E6C866 /* BAISIBUDEJIE.app */,
				7052E1031D751EB000E6C866 /* BAISIBUDEJIETests.xctest */,
				7052E10E1D751EB000E6C866 /* BAISIBUDEJIEUITests.xctest */,
			);
			name = Products;
			sourceTree = "<group>";
		};
		7052E0EC1D751EB000E6C866 /* BAISIBUDEJIE */ = {
			isa = PBXGroup;
			children = (
				70B2753F1DC0BEBB00DF9D29 /* Classes */,
				7052E0ED1D751EB000E6C866 /* Supporting Files */,
			);
			path = BAISIBUDEJIE;
			sourceTree = "<group>";
		};
		7052E0ED1D751EB000E6C866 /* Supporting Files */ = {
			isa = PBXGroup;
			children = (
				7052E0FE1D751EB000E6C866 /* Info.plist */,
				7052E0F91D751EB000E6C866 /* Assets.xcassets */,
			);
			name = "Supporting Files";
			sourceTree = "<group>";
		};
		7052E1061D751EB000E6C866 /* BAISIBUDEJIETests */ = {
			isa = PBXGroup;
			children = (
				7052E1071D751EB000E6C866 /* BAISIBUDEJIETests.m */,
				7052E1091D751EB000E6C866 /* Info.plist */,
			);
			path = BAISIBUDEJIETests;
			sourceTree = "<group>";
		};
		7052E1111D751EB000E6C866 /* BAISIBUDEJIEUITests */ = {
			isa = PBXGroup;
			children = (
				7052E1121D751EB000E6C866 /* BAISIBUDEJIEUITests.m */,
				7052E1141D751EB000E6C866 /* Info.plist */,
			);
			path = BAISIBUDEJIEUITests;
			sourceTree = "<group>";
		};
		70B2753F1DC0BEBB00DF9D29 /* Classes */ = {
			isa = PBXGroup;
			children = (
				70B275401DC0BEBB00DF9D29 /* Essence_精华 */,
				70B275461DC0BEBB00DF9D29 /* FriendTrends_关注 */,
				70B2754C1DC0BEBB00DF9D29 /* Me_我 */,
				70B275521DC0BEBB00DF9D29 /* New_新帖 */,
				70B275581DC0BEBB00DF9D29 /* Other */,
			);
			path = Classes;
			sourceTree = "<group>";
		};
		70B275401DC0BEBB00DF9D29 /* Essence_精华 */ = {
			isa = PBXGroup;
			children = (
				70B275411DC0BEBB00DF9D29 /* Controller */,
				70B275441DC0BEBB00DF9D29 /* Model */,
				70B275451DC0BEBB00DF9D29 /* View */,
			);
			path = "Essence_精华";
			sourceTree = "<group>";
		};
		70B275411DC0BEBB00DF9D29 /* Controller */ = {
			isa = PBXGroup;
			children = (
				70B275421DC0BEBB00DF9D29 /* BSBDJEssenceViewController.h */,
				70B275431DC0BEBB00DF9D29 /* BSBDJEssenceViewController.m */,
			);
			path = Controller;
			sourceTree = "<group>";
		};
		70B275441DC0BEBB00DF9D29 /* Model */ = {
			isa = PBXGroup;
			children = (
			);
			path = Model;
			sourceTree = "<group>";
		};
		70B275451DC0BEBB00DF9D29 /* View */ = {
			isa = PBXGroup;
			children = (
			);
			path = View;
			sourceTree = "<group>";
		};
		70B275461DC0BEBB00DF9D29 /* FriendTrends_关注 */ = {
			isa = PBXGroup;
			children = (
				70B275471DC0BEBB00DF9D29 /* Controller */,
				70B2754A1DC0BEBB00DF9D29 /* Model */,
				70B2754B1DC0BEBB00DF9D29 /* View */,
			);
			path = "FriendTrends_关注";
			sourceTree = "<group>";
		};
		70B275471DC0BEBB00DF9D29 /* Controller */ = {
			isa = PBXGroup;
			children = (
				70B275481DC0BEBB00DF9D29 /* BSBDJFriendTrendsViewController.h */,
				70B275491DC0BEBB00DF9D29 /* BSBDJFriendTrendsViewController.m */,
				700FC7821DC1AC03009CD99C /* BSBDJFriendTrendsViewController.xib */,
				700FC7841DC1E6FA009CD99C /* BSBDJRecommendViewController.h */,
				700FC7851DC1E6FA009CD99C /* BSBDJRecommendViewController.m */,
				700FC7861DC1E6FA009CD99C /* BSBDJRecommendViewController.xib */,
			);
			path = Controller;
			sourceTree = "<group>";
		};
		70B2754A1DC0BEBB00DF9D29 /* Model */ = {
			isa = PBXGroup;
			children = (
				700FC78B1DC1EF24009CD99C /* BSBDJRecommendCategory.h */,
				700FC78C1DC1EF24009CD99C /* BSBDJRecommendCategory.m */,
				700FC7981DC20CEF009CD99C /* BSBDJRecommendUser.h */,
				700FC7991DC20CEF009CD99C /* BSBDJRecommendUser.m */,
			);
			path = Model;
			sourceTree = "<group>";
		};
		70B2754B1DC0BEBB00DF9D29 /* View */ = {
			isa = PBXGroup;
			children = (
				700FC78E1DC1F2F0009CD99C /* BSBDJRecommendCategoryCell.h */,
				700FC78F1DC1F2F0009CD99C /* BSBDJRecommendCategoryCell.m */,
				700FC7901DC1F2F0009CD99C /* BSBDJRecommendCategoryCell.xib */,
				700FC7931DC20991009CD99C /* BSBDJRecommendUserCell.h */,
				700FC7941DC20991009CD99C /* BSBDJRecommendUserCell.m */,
				700FC7951DC20991009CD99C /* BSBDJRecommendUserCell.xib */,
			);
			path = View;
			sourceTree = "<group>";
		};
		70B2754C1DC0BEBB00DF9D29 /* Me_我 */ = {
			isa = PBXGroup;
			children = (
				70B2754D1DC0BEBB00DF9D29 /* Controller */,
				70B275501DC0BEBB00DF9D29 /* Model */,
				70B275511DC0BEBB00DF9D29 /* View */,
			);
			path = "Me_我";
			sourceTree = "<group>";
		};
		70B2754D1DC0BEBB00DF9D29 /* Controller */ = {
			isa = PBXGroup;
			children = (
				70B2754E1DC0BEBB00DF9D29 /* BSBDJMeViewController.h */,
				70B2754F1DC0BEBB00DF9D29 /* BSBDJMeViewController.m */,
			);
			path = Controller;
			sourceTree = "<group>";
		};
		70B275501DC0BEBB00DF9D29 /* Model */ = {
			isa = PBXGroup;
			children = (
			);
			path = Model;
			sourceTree = "<group>";
		};
		70B275511DC0BEBB00DF9D29 /* View */ = {
			isa = PBXGroup;
			children = (
			);
			path = View;
			sourceTree = "<group>";
		};
		70B275521DC0BEBB00DF9D29 /* New_新帖 */ = {
			isa = PBXGroup;
			children = (
				70B275531DC0BEBB00DF9D29 /* Controller */,
				70B275561DC0BEBB00DF9D29 /* Model */,
				70B275571DC0BEBB00DF9D29 /* View */,
			);
			path = "New_新帖";
			sourceTree = "<group>";
		};
		70B275531DC0BEBB00DF9D29 /* Controller */ = {
			isa = PBXGroup;
			children = (
				70B275541DC0BEBB00DF9D29 /* BSBDJNewViewController.h */,
				70B275551DC0BEBB00DF9D29 /* BSBDJNewViewController.m */,
			);
			path = Controller;
			sourceTree = "<group>";
		};
		70B275561DC0BEBB00DF9D29 /* Model */ = {
			isa = PBXGroup;
			children = (
			);
			path = Model;
			sourceTree = "<group>";
		};
		70B275571DC0BEBB00DF9D29 /* View */ = {
			isa = PBXGroup;
			children = (
			);
			path = View;
			sourceTree = "<group>";
		};
		70B275581DC0BEBB00DF9D29 /* Other */ = {
			isa = PBXGroup;
			children = (
				70B275651DC0BEBB00DF9D29 /* View */,
				70B275601DC0BEBB00DF9D29 /* Controller */,
				70B2755B1DC0BEBB00DF9D29 /* Category */,
				70B275591DC0BEBB00DF9D29 /* AppDelegate.h */,
				70B2755A1DC0BEBB00DF9D29 /* AppDelegate.m */,
				700FC7891DC1EAA2009CD99C /* Foundation+Log.m */,
				70B275631DC0BEBB00DF9D29 /* main.m */,
				70B275641DC0BEBB00DF9D29 /* PrefixHeader.pch */,
			);
			path = Other;
			sourceTree = "<group>";
		};
		70B2755B1DC0BEBB00DF9D29 /* Category */ = {
			isa = PBXGroup;
			children = (
				70B2755C1DC0BEBB00DF9D29 /* UIBarButtonItem+BSBDJExtension.h */,
				70B2755D1DC0BEBB00DF9D29 /* UIBarButtonItem+BSBDJExtension.m */,
				70B2755E1DC0BEBB00DF9D29 /* UIView+BSBDJExtension.h */,
				70B2755F1DC0BEBB00DF9D29 /* UIView+BSBDJExtension.m */,
			);
			path = Category;
			sourceTree = "<group>";
		};
		70B275601DC0BEBB00DF9D29 /* Controller */ = {
			isa = PBXGroup;
			children = (
				70B275611DC0BEBB00DF9D29 /* BSBDJTabBarController.h */,
				70B275621DC0BEBB00DF9D29 /* BSBDJTabBarController.m */,
				700FC77B1DC19063009CD99C /* BSBDJNavgationViewController.h */,
				700FC77C1DC19063009CD99C /* BSBDJNavgationViewController.m */,
			);
			path = Controller;
			sourceTree = "<group>";
		};
		70B275651DC0BEBB00DF9D29 /* View */ = {
			isa = PBXGroup;
			children = (
				70B275661DC0BEBB00DF9D29 /* BSBDJTabBar.h */,
				70B275671DC0BEBB00DF9D29 /* BSBDJTabBar.m */,
			);
			path = View;
			sourceTree = "<group>";
		};
		750F3DEC98E7BD7EAF604EC5 /* Frameworks */ = {
			isa = PBXGroup;
			children = (
				03B223212E25BD471D73CDFD /* libPods-BAISIBUDEJIE.a */,
			);
			name = Frameworks;
			sourceTree = "<group>";
		};
		B5B6EE98AE39963FFA3BE8D3 /* Pods */ = {
			isa = PBXGroup;
			children = (
				03CA0BA1544D58F2725CAB22 /* Pods-BAISIBUDEJIE.debug.xcconfig */,
				0C93C675C60D8A3989CB12DF /* Pods-BAISIBUDEJIE.release.xcconfig */,
			);
			name = Pods;
			sourceTree = "<group>";
		};
/* End PBXGroup section */

/* Begin PBXNativeTarget section */
		7052E0E91D751EB000E6C866 /* BAISIBUDEJIE */ = {
			isa = PBXNativeTarget;
			buildConfigurationList = 7052E1171D751EB000E6C866 /* Build configuration list for PBXNativeTarget "BAISIBUDEJIE" */;
			buildPhases = (
				CC2BF0559BF04949440EB455 /* [CP] Check Pods Manifest.lock */,
				7052E0E61D751EB000E6C866 /* Sources */,
				7052E0E71D751EB000E6C866 /* Frameworks */,
				7052E0E81D751EB000E6C866 /* Resources */,
				9E2EE229DB3FA0D0EE8D2103 /* [CP] Embed Pods Frameworks */,
				5919868BC6073D2C1ECFBED6 /* [CP] Copy Pods Resources */,
			);
			buildRules = (
			);
			dependencies = (
			);
			name = BAISIBUDEJIE;
			productName = BAISIBUDEJIE;
			productReference = 7052E0EA1D751EB000E6C866 /* BAISIBUDEJIE.app */;
			productType = "com.apple.product-type.application";
		};
		7052E1021D751EB000E6C866 /* BAISIBUDEJIETests */ = {
			isa = PBXNativeTarget;
			buildConfigurationList = 7052E11A1D751EB000E6C866 /* Build configuration list for PBXNativeTarget "BAISIBUDEJIETests" */;
			buildPhases = (
				7052E0FF1D751EB000E6C866 /* Sources */,
				7052E1001D751EB000E6C866 /* Frameworks */,
				7052E1011D751EB000E6C866 /* Resources */,
			);
			buildRules = (
			);
			dependencies = (
				7052E1051D751EB000E6C866 /* PBXTargetDependency */,
			);
			name = BAISIBUDEJIETests;
			productName = BAISIBUDEJIETests;
			productReference = 7052E1031D751EB000E6C866 /* BAISIBUDEJIETests.xctest */;
			productType = "com.apple.product-type.bundle.unit-test";
		};
		7052E10D1D751EB000E6C866 /* BAISIBUDEJIEUITests */ = {
			isa = PBXNativeTarget;
			buildConfigurationList = 7052E11D1D751EB000E6C866 /* Build configuration list for PBXNativeTarget "BAISIBUDEJIEUITests" */;
			buildPhases = (
				7052E10A1D751EB000E6C866 /* Sources */,
				7052E10B1D751EB000E6C866 /* Frameworks */,
				7052E10C1D751EB000E6C866 /* Resources */,
			);
			buildRules = (
			);
			dependencies = (
				7052E1101D751EB000E6C866 /* PBXTargetDependency */,
			);
			name = BAISIBUDEJIEUITests;
			productName = BAISIBUDEJIEUITests;
			productReference = 7052E10E1D751EB000E6C866 /* BAISIBUDEJIEUITests.xctest */;
			productType = "com.apple.product-type.bundle.ui-testing";
		};
/* End PBXNativeTarget section */

/* Begin PBXProject section */
		7052E0E21D751EB000E6C866 /* Project object */ = {
			isa = PBXProject;
			attributes = {
				CLASSPREFIX = BSBDJ;
				LastUpgradeCheck = 0730;
				ORGANIZATIONNAME = zhurui;
				TargetAttributes = {
					7052E0E91D751EB000E6C866 = {
						CreatedOnToolsVersion = 7.3.1;
						DevelopmentTeam = 4329BH7S7N;
					};
					7052E1021D751EB000E6C866 = {
						CreatedOnToolsVersion = 7.3.1;
						TestTargetID = 7052E0E91D751EB000E6C866;
					};
					7052E10D1D751EB000E6C866 = {
						CreatedOnToolsVersion = 7.3.1;
						TestTargetID = 7052E0E91D751EB000E6C866;
					};
				};
			};
			buildConfigurationList = 7052E0E51D751EB000E6C866 /* Build configuration list for PBXProject "BAISIBUDEJIE" */;
			compatibilityVersion = "Xcode 3.2";
			developmentRegion = English;
			hasScannedForEncodings = 0;
			knownRegions = (
				en,
				Base,
			);
			mainGroup = 7052E0E11D751EB000E6C866;
			productRefGroup = 7052E0EB1D751EB000E6C866 /* Products */;
			projectDirPath = "";
			projectRoot = "";
			targets = (
				7052E0E91D751EB000E6C866 /* BAISIBUDEJIE */,
				7052E1021D751EB000E6C866 /* BAISIBUDEJIETests */,
				7052E10D1D751EB000E6C866 /* BAISIBUDEJIEUITests */,
			);
		};
/* End PBXProject section */

/* Begin PBXResourcesBuildPhase section */
		7052E0E81D751EB000E6C866 /* Resources */ = {
			isa = PBXResourcesBuildPhase;
			buildActionMask = 2147483647;
			files = (
				700FC7971DC20991009CD99C /* BSBDJRecommendUserCell.xib in Resources */,
				700FC7921DC1F2F0009CD99C /* BSBDJRecommendCategoryCell.xib in Resources */,
				700FC7831DC1AC03009CD99C /* BSBDJFriendTrendsViewController.xib in Resources */,
				7052E0FA1D751EB000E6C866 /* Assets.xcassets in Resources */,
				700FC7881DC1E6FA009CD99C /* BSBDJRecommendViewController.xib in Resources */,
			);
			runOnlyForDeploymentPostprocessing = 0;
		};
		7052E1011D751EB000E6C866 /* Resources */ = {
			isa = PBXResourcesBuildPhase;
			buildActionMask = 2147483647;
			files = (
			);
			runOnlyForDeploymentPostprocessing = 0;
		};
		7052E10C1D751EB000E6C866 /* Resources */ = {
			isa = PBXResourcesBuildPhase;
			buildActionMask = 2147483647;
			files = (
			);
			runOnlyForDeploymentPostprocessing = 0;
		};
/* End PBXResourcesBuildPhase section */

/* Begin PBXShellScriptBuildPhase section */
		5919868BC6073D2C1ECFBED6 /* [CP] Copy Pods Resources */ = {
			isa = PBXShellScriptBuildPhase;
			buildActionMask = 2147483647;
			files = (
			);
			inputPaths = (
			);
			name = "[CP] Copy Pods Resources";
			outputPaths = (
			);
			runOnlyForDeploymentPostprocessing = 0;
			shellPath = /bin/sh;
			shellScript = "\"${SRCROOT}/Pods/Target Support Files/Pods-BAISIBUDEJIE/Pods-BAISIBUDEJIE-resources.sh\"\n";
			showEnvVarsInLog = 0;
		};
		9E2EE229DB3FA0D0EE8D2103 /* [CP] Embed Pods Frameworks */ = {
			isa = PBXShellScriptBuildPhase;
			buildActionMask = 2147483647;
			files = (
			);
			inputPaths = (
			);
			name = "[CP] Embed Pods Frameworks";
			outputPaths = (
			);
			runOnlyForDeploymentPostprocessing = 0;
			shellPath = /bin/sh;
			shellScript = "\"${SRCROOT}/Pods/Target Support Files/Pods-BAISIBUDEJIE/Pods-BAISIBUDEJIE-frameworks.sh\"\n";
			showEnvVarsInLog = 0;
		};
		CC2BF0559BF04949440EB455 /* [CP] Check Pods Manifest.lock */ = {
			isa = PBXShellScriptBuildPhase;
			buildActionMask = 2147483647;
			files = (
			);
			inputPaths = (
			);
			name = "[CP] Check Pods Manifest.lock";
			outputPaths = (
			);
			runOnlyForDeploymentPostprocessing = 0;
			shellPath = /bin/sh;
			shellScript = "diff \"${PODS_ROOT}/../Podfile.lock\" \"${PODS_ROOT}/Manifest.lock\" > /dev/null\nif [[ $? != 0 ]] ; then\n    cat << EOM\nerror: The sandbox is not in sync with the Podfile.lock. Run 'pod install' or update your CocoaPods installation.\nEOM\n    exit 1\nfi\n";
			showEnvVarsInLog = 0;
		};
/* End PBXShellScriptBuildPhase section */

/* Begin PBXSourcesBuildPhase section */
		7052E0E61D751EB000E6C866 /* Sources */ = {
			isa = PBXSourcesBuildPhase;
			buildActionMask = 2147483647;
			files = (
				70B2756A1DC0BEBB00DF9D29 /* BSBDJMeViewController.m in Sources */,
				700FC7961DC20991009CD99C /* BSBDJRecommendUserCell.m in Sources */,
				70B2756E1DC0BEBB00DF9D29 /* UIView+BSBDJExtension.m in Sources */,
				70B2756B1DC0BEBB00DF9D29 /* BSBDJNewViewController.m in Sources */,
				700FC79A1DC20CEF009CD99C /* BSBDJRecommendUser.m in Sources */,
				700FC7871DC1E6FA009CD99C /* BSBDJRecommendViewController.m in Sources */,
				70B2756D1DC0BEBB00DF9D29 /* UIBarButtonItem+BSBDJExtension.m in Sources */,
				700FC7911DC1F2F0009CD99C /* BSBDJRecommendCategoryCell.m in Sources */,
				70B275691DC0BEBB00DF9D29 /* BSBDJFriendTrendsViewController.m in Sources */,
				70B275681DC0BEBB00DF9D29 /* BSBDJEssenceViewController.m in Sources */,
				70B2756C1DC0BEBB00DF9D29 /* AppDelegate.m in Sources */,
				70B275711DC0BEBB00DF9D29 /* BSBDJTabBar.m in Sources */,
				70B275701DC0BEBB00DF9D29 /* main.m in Sources */,
				700FC78A1DC1EAA2009CD99C /* Foundation+Log.m in Sources */,
				700FC77D1DC19063009CD99C /* BSBDJNavgationViewController.m in Sources */,
				700FC78D1DC1EF24009CD99C /* BSBDJRecommendCategory.m in Sources */,
				70B2756F1DC0BEBB00DF9D29 /* BSBDJTabBarController.m in Sources */,
			);
			runOnlyForDeploymentPostprocessing = 0;
		};
		7052E0FF1D751EB000E6C866 /* Sources */ = {
			isa = PBXSourcesBuildPhase;
			buildActionMask = 2147483647;
			files = (
				7052E1081D751EB000E6C866 /* BAISIBUDEJIETests.m in Sources */,
			);
			runOnlyForDeploymentPostprocessing = 0;
		};
		7052E10A1D751EB000E6C866 /* Sources */ = {
			isa = PBXSourcesBuildPhase;
			buildActionMask = 2147483647;
			files = (
				7052E1131D751EB000E6C866 /* BAISIBUDEJIEUITests.m in Sources */,
			);
			runOnlyForDeploymentPostprocessing = 0;
		};
/* End PBXSourcesBuildPhase section */

/* Begin PBXTargetDependency section */
		7052E1051D751EB000E6C866 /* PBXTargetDependency */ = {
			isa = PBXTargetDependency;
			target = 7052E0E91D751EB000E6C866 /* BAISIBUDEJIE */;
			targetProxy = 7052E1041D751EB000E6C866 /* PBXContainerItemProxy */;
		};
		7052E1101D751EB000E6C866 /* PBXTargetDependency */ = {
			isa = PBXTargetDependency;
			target = 7052E0E91D751EB000E6C866 /* BAISIBUDEJIE */;
			targetProxy = 7052E10F1D751EB000E6C866 /* PBXContainerItemProxy */;
		};
/* End PBXTargetDependency section */

/* Begin XCBuildConfiguration section */
		7052E1151D751EB000E6C866 /* Debug */ = {
			isa = XCBuildConfiguration;
			buildSettings = {
				ALWAYS_SEARCH_USER_PATHS = NO;
				CLANG_ANALYZER_NONNULL = YES;
				CLANG_CXX_LANGUAGE_STANDARD = "gnu++0x";
				CLANG_CXX_LIBRARY = "libc++";
				CLANG_ENABLE_MODULES = YES;
				CLANG_ENABLE_OBJC_ARC = YES;
				CLANG_WARN_BOOL_CONVERSION = YES;
				CLANG_WARN_CONSTANT_CONVERSION = YES;
				CLANG_WARN_DIRECT_OBJC_ISA_USAGE = YES_ERROR;
				CLANG_WARN_EMPTY_BODY = YES;
				CLANG_WARN_ENUM_CONVERSION = YES;
				CLANG_WARN_INT_CONVERSION = YES;
				CLANG_WARN_OBJC_ROOT_CLASS = YES_ERROR;
				CLANG_WARN_UNREACHABLE_CODE = YES;
				CLANG_WARN__DUPLICATE_METHOD_MATCH = YES;
				"CODE_SIGN_IDENTITY[sdk=iphoneos*]" = "iPhone Developer";
				COPY_PHASE_STRIP = NO;
				DEBUG_INFORMATION_FORMAT = dwarf;
				ENABLE_STRICT_OBJC_MSGSEND = YES;
				ENABLE_TESTABILITY = YES;
				GCC_C_LANGUAGE_STANDARD = gnu99;
				GCC_DYNAMIC_NO_PIC = NO;
				GCC_NO_COMMON_BLOCKS = YES;
				GCC_OPTIMIZATION_LEVEL = 0;
				GCC_PREPROCESSOR_DEFINITIONS = (
					"DEBUG=1",
					"$(inherited)",
				);
				GCC_WARN_64_TO_32_BIT_CONVERSION = YES;
				GCC_WARN_ABOUT_RETURN_TYPE = YES_ERROR;
				GCC_WARN_UNDECLARED_SELECTOR = YES;
				GCC_WARN_UNINITIALIZED_AUTOS = YES_AGGRESSIVE;
				GCC_WARN_UNUSED_FUNCTION = YES;
				GCC_WARN_UNUSED_VARIABLE = YES;
				IPHONEOS_DEPLOYMENT_TARGET = 9.3;
				MTL_ENABLE_DEBUG_INFO = YES;
				ONLY_ACTIVE_ARCH = YES;
				SDKROOT = iphoneos;
			};
			name = Debug;
		};
		7052E1161D751EB000E6C866 /* Release */ = {
			isa = XCBuildConfiguration;
			buildSettings = {
				ALWAYS_SEARCH_USER_PATHS = NO;
				CLANG_ANALYZER_NONNULL = YES;
				CLANG_CXX_LANGUAGE_STANDARD = "gnu++0x";
				CLANG_CXX_LIBRARY = "libc++";
				CLANG_ENABLE_MODULES = YES;
				CLANG_ENABLE_OBJC_ARC = YES;
				CLANG_WARN_BOOL_CONVERSION = YES;
				CLANG_WARN_CONSTANT_CONVERSION = YES;
				CLANG_WARN_DIRECT_OBJC_ISA_USAGE = YES_ERROR;
				CLANG_WARN_EMPTY_BODY = YES;
				CLANG_WARN_ENUM_CONVERSION = YES;
				CLANG_WARN_INT_CONVERSION = YES;
				CLANG_WARN_OBJC_ROOT_CLASS = YES_ERROR;
				CLANG_WARN_UNREACHABLE_CODE = YES;
				CLANG_WARN__DUPLICATE_METHOD_MATCH = YES;
				"CODE_SIGN_IDENTITY[sdk=iphoneos*]" = "iPhone Developer";
				COPY_PHASE_STRIP = NO;
				DEBUG_INFORMATION_FORMAT = "dwarf-with-dsym";
				ENABLE_NS_ASSERTIONS = NO;
				ENABLE_STRICT_OBJC_MSGSEND = YES;
				GCC_C_LANGUAGE_STANDARD = gnu99;
				GCC_NO_COMMON_BLOCKS = YES;
				GCC_WARN_64_TO_32_BIT_CONVERSION = YES;
				GCC_WARN_ABOUT_RETURN_TYPE = YES_ERROR;
				GCC_WARN_UNDECLARED_SELECTOR = YES;
				GCC_WARN_UNINITIALIZED_AUTOS = YES_AGGRESSIVE;
				GCC_WARN_UNUSED_FUNCTION = YES;
				GCC_WARN_UNUSED_VARIABLE = YES;
				IPHONEOS_DEPLOYMENT_TARGET = 9.3;
				MTL_ENABLE_DEBUG_INFO = NO;
				SDKROOT = iphoneos;
				VALIDATE_PRODUCT = YES;
			};
			name = Release;
		};
		7052E1181D751EB000E6C866 /* Debug */ = {
			isa = XCBuildConfiguration;
			baseConfigurationReference = 03CA0BA1544D58F2725CAB22 /* Pods-BAISIBUDEJIE.debug.xcconfig */;
			buildSettings = {
				ASSETCATALOG_COMPILER_APPICON_NAME = AppIcon;
				ASSETCATALOG_COMPILER_LAUNCHIMAGE_NAME = LaunchImage;
				DEVELOPMENT_TEAM = 4329BH7S7N;
				GCC_PREFIX_HEADER = "$(SRCROOT)/BAISIBUDEJIE/Classes/Other/PrefixHeader.pch";
				INFOPLIST_FILE = BAISIBUDEJIE/Info.plist;
				IPHONEOS_DEPLOYMENT_TARGET = 9.3;
				LD_RUNPATH_SEARCH_PATHS = "$(inherited) @executable_path/Frameworks";
				PRODUCT_BUNDLE_IDENTIFIER = com.chaofu.BAISIBUDEJIE;
				PRODUCT_NAME = "$(TARGET_NAME)";
			};
			name = Debug;
		};
		7052E1191D751EB000E6C866 /* Release */ = {
			isa = XCBuildConfiguration;
			baseConfigurationReference = 0C93C675C60D8A3989CB12DF /* Pods-BAISIBUDEJIE.release.xcconfig */;
			buildSettings = {
				ASSETCATALOG_COMPILER_APPICON_NAME = AppIcon;
				ASSETCATALOG_COMPILER_LAUNCHIMAGE_NAME = LaunchImage;
				DEVELOPMENT_TEAM = 4329BH7S7N;
				GCC_PREFIX_HEADER = "$(SRCROOT)/BAISIBUDEJIE/Classes/Other/PrefixHeader.pch";
				INFOPLIST_FILE = BAISIBUDEJIE/Info.plist;
				IPHONEOS_DEPLOYMENT_TARGET = 9.3;
				LD_RUNPATH_SEARCH_PATHS = "$(inherited) @executable_path/Frameworks";
				PRODUCT_BUNDLE_IDENTIFIER = com.chaofu.BAISIBUDEJIE;
				PRODUCT_NAME = "$(TARGET_NAME)";
			};
			name = Release;
		};
		7052E11B1D751EB000E6C866 /* Debug */ = {
			isa = XCBuildConfiguration;
			buildSettings = {
				BUNDLE_LOADER = "$(TEST_HOST)";
				INFOPLIST_FILE = BAISIBUDEJIETests/Info.plist;
				LD_RUNPATH_SEARCH_PATHS = "$(inherited) @executable_path/Frameworks @loader_path/Frameworks";
				PRODUCT_BUNDLE_IDENTIFIER = com.chaofu.BAISIBUDEJIETests;
				PRODUCT_NAME = "$(TARGET_NAME)";
				TEST_HOST = "$(BUILT_PRODUCTS_DIR)/BAISIBUDEJIE.app/BAISIBUDEJIE";
			};
			name = Debug;
		};
		7052E11C1D751EB000E6C866 /* Release */ = {
			isa = XCBuildConfiguration;
			buildSettings = {
				BUNDLE_LOADER = "$(TEST_HOST)";
				INFOPLIST_FILE = BAISIBUDEJIETests/Info.plist;
				LD_RUNPATH_SEARCH_PATHS = "$(inherited) @executable_path/Frameworks @loader_path/Frameworks";
				PRODUCT_BUNDLE_IDENTIFIER = com.chaofu.BAISIBUDEJIETests;
				PRODUCT_NAME = "$(TARGET_NAME)";
				TEST_HOST = "$(BUILT_PRODUCTS_DIR)/BAISIBUDEJIE.app/BAISIBUDEJIE";
			};
			name = Release;
		};
		7052E11E1D751EB000E6C866 /* Debug */ = {
			isa = XCBuildConfiguration;
			buildSettings = {
				INFOPLIST_FILE = BAISIBUDEJIEUITests/Info.plist;
				LD_RUNPATH_SEARCH_PATHS = "$(inherited) @executable_path/Frameworks @loader_path/Frameworks";
				PRODUCT_BUNDLE_IDENTIFIER = com.chaofu.BAISIBUDEJIEUITests;
				PRODUCT_NAME = "$(TARGET_NAME)";
				TEST_TARGET_NAME = BAISIBUDEJIE;
			};
			name = Debug;
		};
		7052E11F1D751EB000E6C866 /* Release */ = {
			isa = XCBuildConfiguration;
			buildSettings = {
				INFOPLIST_FILE = BAISIBUDEJIEUITests/Info.plist;
				LD_RUNPATH_SEARCH_PATHS = "$(inherited) @executable_path/Frameworks @loader_path/Frameworks";
				PRODUCT_BUNDLE_IDENTIFIER = com.chaofu.BAISIBUDEJIEUITests;
				PRODUCT_NAME = "$(TARGET_NAME)";
				TEST_TARGET_NAME = BAISIBUDEJIE;
			};
			name = Release;
		};
/* End XCBuildConfiguration section */

/* Begin XCConfigurationList section */
		7052E0E51D751EB000E6C866 /* Build configuration list for PBXProject "BAISIBUDEJIE" */ = {
			isa = XCConfigurationList;
			buildConfigurations = (
				7052E1151D751EB000E6C866 /* Debug */,
				7052E1161D751EB000E6C866 /* Release */,
			);
			defaultConfigurationIsVisible = 0;
			defaultConfigurationName = Release;
		};
		7052E1171D751EB000E6C866 /* Build configuration list for PBXNativeTarget "BAISIBUDEJIE" */ = {
			isa = XCConfigurationList;
			buildConfigurations = (
				7052E1181D751EB000E6C866 /* Debug */,
				7052E1191D751EB000E6C866 /* Release */,
			);
			defaultConfigurationIsVisible = 0;
			defaultConfigurationName = Release;
		};
		7052E11A1D751EB000E6C866 /* Build configuration list for PBXNativeTarget "BAISIBUDEJIETests" */ = {
			isa = XCConfigurationList;
			buildConfigurations = (
				7052E11B1D751EB000E6C866 /* Debug */,
				7052E11C1D751EB000E6C866 /* Release */,
			);
			defaultConfigurationIsVisible = 0;
			defaultConfigurationName = Release;
		};
		7052E11D1D751EB000E6C866 /* Build configuration list for PBXNativeTarget "BAISIBUDEJIEUITests" */ = {
			isa = XCConfigurationList;
			buildConfigurations = (
				7052E11E1D751EB000E6C866 /* Debug */,
				7052E11F1D751EB000E6C866 /* Release */,
			);
			defaultConfigurationIsVisible = 0;
			defaultConfigurationName = Release;
		};
/* End XCConfigurationList section */
	};
	rootObject = 7052E0E21D751EB000E6C866 /* Project object */;
}
